github.com/aws/aws-sdk-go-v2 v1.42.0 h1:XvXMJTkFQtpBKIWZnmr9ZEOc2InWM2yldjXEJ/bymhA=
github.com/aws/aws-sdk-go-v2 v1.42.0/go.mod h1:27+ACypSLljLAEKsCYOmrjKh83vuTRkuAe9Uv/3A4bg=
github.com/aws/aws-sdk-go-v2/aws/protocol/eventstream v1.7.13 h1:p1BBrg/Hhp6uK7zpejeI8QFXHJeC/mynzi04Sl03k9g=
github.com/aws/aws-sdk-go-v2/aws/protocol/eventstream v1.7.13/go.mod h1:8cIfkE9MDhkRZGpQ22aV6/lkYeYSozpz16Smrs5x4Ls=
github.com/aws/aws-sdk-go-v2/config v1.32.25 h1:ACCejvStYoilgwrfegSt5ZntCbPrk52qfwyNcnl3omM=
github.com/aws/aws-sdk-go-v2/config v1.32.25/go.mod h1:LJyU8sDRbXUxFn8xMJIGP+v9QYYwveNLI8a/giAOiAs=
github.com/aws/aws-sdk-go-v2/credentials v1.19.24 h1:2hQqYCV9yqyePQ9o6dCrZc/zO8U3TwPr9mIKlZnPu/I=
github.com/aws/aws-sdk-go-v2/credentials v1.19.24/go.mod h1:IDwpACtwqHLISdzfwUUNq4P9DsB/h5BLg4FwJPNfqFY=
github.com/aws/aws-sdk-go-v2/feature/ec2/imds v1.18.29 h1:r6qZHbT+wxgWO/e9vYNUEtg7lv5+UN3pRqKhLXvnArg=
github.com/aws/aws-sdk-go-v2/feature/ec2/imds v1.18.29/go.mod h1:QRnaRcTVGKPGRy8w78HMQtKUGRYcnMZAANATkeVA6Mo=
github.com/aws/aws-sdk-go-v2/internal/configsources v1.4.29 h1:f3vKqSo13fhTYb+JEcXwXefZQE26I1FB5eTSniU67ko=
github.com/aws/aws-sdk-go-v2/internal/configsources v1.4.29/go.mod h1:MzoLFUArKGpGD+ukmPiTPG1X5x4o6M2kq4v2dr1FiEc=
github.com/aws/aws-sdk-go-v2/internal/endpoints/v2 v2.7.29 h1:RdwIf/CuUsvJX3RgJagbOyotl/cxoLY4xviKuE7p2GY=
github.com/aws/aws-sdk-go-v2/internal/endpoints/v2 v2.7.29/go.mod h1:71wt8W2EgswdZy9Mf9KNnzxZ3TiZlv4caKghPktDOkA=
github.com/aws/aws-sdk-go-v2/internal/v4a v1.4.30 h1:VTGy885W5DKBxWRUJbym9hytNaYzsyaPkCHGRRMAOhU=
github.com/aws/aws-sdk-go-v2/internal/v4a v1.4.30/go.mod h1:AS0HycUvJRFvTt613AYDOgO2jzw+00cVSMny8XB3yMY=
github.com/aws/aws-sdk-go-v2/service/acm v1.40.0 h1:lbnW2O8j9lC8n3Gf7fHXoacr2sv531LYFK2NXmZ59Kc=
github.com/aws/aws-sdk-go-v2/service/acm v1.40.0/go.mod h1:x7/FCGJIfZYws5dS1K2PPE/puwDrqjvBgGJb154gkmo=
github.com/aws/aws-sdk-go-v2/service/amplify v1.39.4 h1:iSmP1EQ2TTJB22g7TuCFQ5Li9nhX5m9ZJ3Z/qIKv2kQ=
github.com/aws/aws-sdk-go-v2/service/amplify v1.39.4/go.mod h1:q65c1mkcqyyEGFchMaiqL5EJqCAdMDnEjoYTMqGOAe0=
github.com/aws/aws-sdk-go-v2/service/apigateway v1.40.6 h1:5YFiaAmk4x2oPoSVRrETowYULU6cxyIggnkleW6HzdQ=
github.com/aws/aws-sdk-go-v2/service/apigateway v1.40.6/go.mod h1:JwEuqEXQIOoObLDCADjmobWzZbJTSWTypRmrHVqv1j8=
github.com/aws/aws-sdk-go-v2/service/appmesh v1.36.4 h1:NhKJpx5xPrt/k39ycnEXkFMcOxOduOFp/yyFhHipbEE=
github.com/aws/aws-sdk-go-v2/service/appmesh v1.36.4/go.mod h1:oav30mjelg434pglr6fT5cl/VKoF8RrPLdooQTNOd3s=
github.com/aws/aws-sdk-go-v2/service/appsync v1.54.4 h1:usX2XiWnjFbtJs7hlIbp9RPqUlcBY+n5Spm1Kzq/lY4=
github.com/aws/aws-sdk-go-v2/service/appsync v1.54.4/go.mod h1:iwnsAGkoqj2WDZG5crswFe1C9WLS7BFeiihxz1Ow0VI=
github.com/aws/aws-sdk-go-v2/service/athena v1.58.4 h1:RXwMOjjGo1p2EucGcWsUJ3thdF0aH1LuCv1YmxGyCvw=
github.com/aws/aws-sdk-go-v2/service/athena v1.58.4/go.mod h1:AFgcdu+EBc+c3FMvhbcsnFUYgCh75ZFkVsuETz8rVzM=
github.com/aws/aws-sdk-go-v2/service/autoscaling v1.67.4 h1:5xDkTDvStSuTO4qdQfgfmIgQNTjS3kp7CPXHQ3CnqMQ=
github.com/aws/aws-sdk-go-v2/service/autoscaling v1.67.4/go.mod h1:rvzjcotoLfbMIVBpxSl0b6rCQsuty5V2aNL0LalDBr8=
github.com/aws/aws-sdk-go-v2/service/backup v1.57.6 h1:rUFMsZ9SMt5VQTH4gdhy7w72WIt1SFx05iCKrY4d2uk=
github.com/aws/aws-sdk-go-v2/service/backup v1.57.6/go.mod h1:p8DakzX08sirMAhh2ySCVqGvsTU21hmaBI8L5EL+kIc=
github.com/aws/aws-sdk-go-v2/service/batch v1.65.6 h1:gVXOXnD5kjDGtkGgWGva7cRXYY7w/nR+1rv23xh5Jag=
github.com/aws/aws-sdk-go-v2/service/batch v1.65.6/go.mod h1:PcfGh6couv2ZOZSSdPqbkXM+RuUrwpxeLqSQC3x7ofc=
github.com/aws/aws-sdk-go-v2/service/chime v1.42.4 h1:an5EHztqj9TC7rJLl3IWoTrzWJcMvdZrJaqglNl6MKg=
github.com/aws/aws-sdk-go-v2/service/chime v1.42.4/go.mod h1:RUjuWJOsJ34Ahx5fIWgGHFKRA0qrONnU0ORMwkTJRTI=
github.com/aws/aws-sdk-go-v2/service/cloud9 v1.34.6 h1:vTxIjUnyv3OQZ8QIIt443GuExl8ZeBtFHVUEY8a7OzU=
github.com/aws/aws-sdk-go-v2/service/cloud9 v1.34.6/go.mod h1:jdUnhFVBDkJ+6+4s8hqP+qgg5YxlD1iflnvtFma+VGE=
github.com/aws/aws-sdk-go-v2/service/clouddirectory v1.31.6 h1:9i+/806umW6Zo6AyTKSTxBJSFUy2ClsFuQOs+bhfm4E=
github.com/aws/aws-sdk-go-v2/service/clouddirectory v1.31.6/go.mod h1:DM6eHZat8m2+vKzQ1Fc2RHaWlyH1xKA0f7ZKSqVi4Xs=
github.com/aws/aws-sdk-go-v2/service/cloudformation v1.72.1 h1:vI/iCtlKp8LscUuwiWfTNID18w+naIGXKyWiY5odsZU=
github.com/aws/aws-sdk-go-v2/service/cloudformation v1.72.1/go.mod h1:67kQqAVkI9zNMo9kj1ca5RQvsDczK6xKCXrXn7ObZA8=
github.com/aws/aws-sdk-go-v2/service/cloudfront v1.65.2 h1:zG2KsuGIzgujekjJmRY4tEpqWVpbybdK/Ey+J8MlzTM=
github.com/aws/aws-sdk-go-v2/service/cloudfront v1.65.2/go.mod h1:rVFXjLSku4g0zfriDSkI1sdUGEJAjnmlPDqOnIFGZJ0=
github.com/aws/aws-sdk-go-v2/service/cloudhsm v1.30.5 h1:HcO7crCfsa2VPdERdbxi4Ow/WfQUWpiFMkcgUkT0LRc=
github.com/aws/aws-sdk-go-v2/service/cloudhsm v1.30.5/go.mod h1:3D+b6I0hcYt3Mce7kkElAY01NUbMk25bw6LzFQ8XZsg=
github.com/aws/aws-sdk-go-v2/service/cloudhsmv2 v1.35.4 h1:zbaMtM17i4cT087NDfBh/Y6LXxSk6/d89uDTOOaGKfw=
github.com/aws/aws-sdk-go-v2/service/cloudhsmv2 v1.35.4/go.mod h1:2qRnofJEpvgAVLyhPfrwih48uHGl4hBtzs1PXkST4OQ=
github.com/aws/aws-sdk-go-v2/service/cloudsearch v1.33.4 h1:11S22HcmG8nlBtEeZT94O57FWsTWfQUnuDYBpUhMApk=
github.com/aws/aws-sdk-go-v2/service/cloudsearch v1.33.4/go.mod h1:rOBL3tslR+ORfSwTF9nvoek1ouv9wnS8O+qVsV/Qz0s=
github.com/aws/aws-sdk-go-v2/service/cloudtrail v1.56.4 h1:vbwtZFqiHIXnOrBDp3B6efVnQKHMI8SiUYCIc74YHI0=
github.com/aws/aws-sdk-go-v2/service/cloudtrail v1.56.4/go.mod h1:LouyoQcaBYLDjRpqIKNJbWquIWVgnPLDEi/9o4Uf5+s=
github.com/aws/aws-sdk-go-v2/service/codebuild v1.69.4 h1:3yvGodd6DuGyqTbIt5mOl4nFmo109Jkmt5RiTVJBFHg=
github.com/aws/aws-sdk-go-v2/service/codebuild v1.69.4/go.mod h1:F0XJ+jdug1B4aIhsNR49n+NXkNo+dXAbiSwdtbfCnUA=
github.com/aws/aws-sdk-go-v2/service/codecommit v1.34.4 h1:Uu+wqrOXozYYvaxcNIqjFsMTjoIJIZDN3R0f70ZIjyQ=
github.com/aws/aws-sdk-go-v2/service/codecommit v1.34.4/go.mod h1:pYrBdL1tMTZO7PaKRsa1cTUB8HtQh3fFM3zJHGhTQcE=
github.com/aws/aws-sdk-go-v2/service/codedeploy v1.36.4 h1:Tu6hLFB2lFvLt38SR49Wn7pryxErs1mTCyLWGgVtTsw=
github.com/aws/aws-sdk-go-v2/service/codedeploy v1.36.4/go.mod h1:uRlFyE/vBx2r2apdJ1t1NTdHVO12VK7Uv6LgTy3bFtk=
github.com/aws/aws-sdk-go-v2/service/codepipeline v1.47.4 h1:v/pmsep1Vs+QfSghyBHYLGZJuEEKyDrCNVf4+qvAec0=
github.com/aws/aws-sdk-go-v2/service/codepipeline v1.47.4/go.mod h1:WX3sF7RcrXTLTXld80dBMBD0AvtZfWeloP8iX8VaGdw=
github.com/aws/aws-sdk-go-v2/service/codestar v1.23.4 h1:/1YQ/NAG5r0xlnh1BGoKJMYJblwPnG1Q45Wg/6z/6Tw=
github.com/aws/aws-sdk-go-v2/service/codestar v1.23.4/go.mod h1:foJHqBd96frt1pClXxCRahy9CrDtzxhq8JIHd+1ZqFs=
github.com/aws/aws-sdk-go-v2/service/comprehend v1.41.6 h1:a57b8knGVPRRGb0OqWfx5bt0got08sK4ZdSb2CQNzIc=
github.com/aws/aws-sdk-go-v2/service/comprehend v1.41.6/go.mod h1:DIGS2S85ARqVuYvfaOMb2b1mF5XYdRsVfZ1qYpY3gC8=
github.com/aws/aws-sdk-go-v2/service/datapipeline v1.31.5 h1:4ObpS6UJD2NYl9BWwpZiu87xWnxaIskmwOXXoyOHz8g=
github.com/aws/aws-sdk-go-v2/service/datapipeline v1.31.5/go.mod h1:F+MbCrAFN/YVDLSqp7hYVN36GBnH1PMQZgxmGq6csac=
github.com/aws/aws-sdk-go-v2/service/datasync v1.59.7 h1:mj7ZnW/VFpfVSoduCkyWICNnAiWHfU2nx0TdeeBWqBs=
github.com/aws/aws-sdk-go-v2/service/datasync v1.59.7/go.mod h1:PhmnYDY1IPkgAkqsSeOuslbBSqDjF5MTzVrwFqhhYBc=
github.com/aws/aws-sdk-go-v2/service/dax v1.30.2 h1:4+h9xIQyCF8FsC3qPlM5I9gzADHDfxvp+R+9cP1etYI=
github.com/aws/aws-sdk-go-v2/service/dax v1.30.2/go.mod h1:+0NMbNrYBuMneycjX4G4MvIMkS8HswcyV17jSUVd7u4=
github.com/aws/aws-sdk-go-v2/service/devicefarm v1.39.5 h1:eVrIrfENLr13sFsec1QaBRfR17EcMZxQ6FyYHFEmcms=
github.com/aws/aws-sdk-go-v2/service/devicefarm v1.39.5/go.mod h1:HeUAhdEYR/i/SuT54eFX4Z+0uXiZD5dVwUQJFCSCh68=
github.com/aws/aws-sdk-go-v2/service/directconnect v1.40.0 h1:80SZbsSqpFybapKcpLK7lqAbLqFZpWm6daTGP3k6HDk=
github.com/aws/aws-sdk-go-v2/service/directconnect v1.40.0/go.mod h1:iU8VT4ZfqCrIlNGQp8gg6E5bIzEAjoVRTifJYASYjus=
github.com/aws/aws-sdk-go-v2/service/dlm v1.37.6 h1:LvT64So6RJNqDPOn4DW3NO7lx8ZChtrL081qHEzXy1k=
github.com/aws/aws-sdk-go-v2/service/dlm v1.37.6/go.mod h1:iKCTuLpLZY8O4YyT8VWiOMgiP7vISVAycC71OT33vHM=
github.com/aws/aws-sdk-go-v2/service/dynamodb v1.59.0 h1:S1qETDbdXKZMYVveuxACCKuRqnAt2NlnmYnlq5SeuMY=
github.com/aws/aws-sdk-go-v2/service/dynamodb v1.59.0/go.mod h1:jLkDwIDBkCIpiENQhAOjAR2L9jwj56mZgVEvuro4gUE=
github.com/aws/aws-sdk-go-v2/service/ec2 v1.307.0 h1:ZQMhFWDFhwJbq3xCggO0gh3AW+yu65QtcT9F5HfdZhY=
github.com/aws/aws-sdk-go-v2/service/ec2 v1.307.0/go.mod h1:8mrDF7OtbuL0QpwP4YCvLuoOE4/5lL7D33MXgp069/Y=
github.com/aws/aws-sdk-go-v2/service/ecr v1.58.4 h1:fo6cmbxkKq/OtKUG0sK70fDsYjtKuSkjIQZUJwt24YM=
github.com/aws/aws-sdk-go-v2/service/ecr v1.58.4/go.mod h1:7VJFM2lSPHz2I1rRb0a+lbphoOp7hXIgYjGhSTOLY7k=
github.com/aws/aws-sdk-go-v2/service/ecs v1.83.0 h1:LQKIHuVHqdbU9LUt5c2G9f+CcQAzolxQmAch3RTORMc=
github.com/aws/aws-sdk-go-v2/service/ecs v1.83.0/go.mod h1:0vahPCh3slyORHbSuAP8YDyJKLEUQAMX7+bzYGxEnVI=
github.com/aws/aws-sdk-go-v2/service/eks v1.86.0 h1:RYiM/XcRljyvfTKlrldQCAZ0iL3sGmI4JuiJMbiKa+M=
github.com/aws/aws-sdk-go-v2/service/eks v1.86.0/go.mod h1:rbIASs+SfCDUXx2EdfMkNpDGptlW8hvMZ9AawRiUBqE=
github.com/aws/aws-sdk-go-v2/service/elasticache v1.54.3 h1:KZDlMf8V5riU8xBCMJLWhfa+RP/MIagz2qJFwRg/b1g=
github.com/aws/aws-sdk-go-v2/service/elasticache v1.54.3/go.mod h1:nsMdHtF/ned4F5GCAfoerJaa/Q6cx+G+WYNsb/TFN7Q=
github.com/aws/aws-sdk-go-v2/service/elasticbeanstalk v1.35.4 h1:hS5ilJrr1xgHvrw0pwb+xKwZDx0KA1LULHbN+OzwBDM=
github.com/aws/aws-sdk-go-v2/service/elasticbeanstalk v1.35.4/go.mod h1:LtqB4K9VM0pH1C34heqt8kJ+dMA6/Vk+0PU9QNu3hcs=
github.com/aws/aws-sdk-go-v2/service/elastictranscoder v1.33.0 h1:ZD8Iw3WQlZYoCJtK3VBAUVO0DZFLSfHCKbze1xfYRdc=
github.com/aws/aws-sdk-go-v2/service/elastictranscoder v1.33.0/go.mod h1:1TkRQZaHJfi2GSj/kQNuxQVUyKLAErm+QXF6Dvz7iOs=
github.com/aws/aws-sdk-go-v2/service/firehose v1.44.0 h1:q6T5aspSBzFsHFB1qoWc5t/dx/yKvh/KiIfidd63Y50=
github.com/aws/aws-sdk-go-v2/service/firehose v1.44.0/go.mod h1:/nsZWAG30JZpqIYSvwyMZ80N/vODYxWO1V6+UCep6ug=
github.com/aws/aws-sdk-go-v2/service/fms v1.45.6 h1:1BbH+h0tySfBIXoEdPfr7F9p9b+Zc5S3QLd8KGr41WY=
github.com/aws/aws-sdk-go-v2/service/fms v1.45.6/go.mod h1:WcEdnVL3qAhIs+fXSqnyNHXcHkiObeQK+16dKhSF1cI=
github.com/aws/aws-sdk-go-v2/service/fsx v1.66.6 h1:iP9fvRdFULWS+fLYKwMem7hMdk8AWRnpAQI9P6Vl0jk=
github.com/aws/aws-sdk-go-v2/service/fsx v1.66.6/go.mod h1:Pl2Bw0pmF0O3XDMhAb5dKae6aY6yQC4kjLnMNmaZJ6g=
github.com/aws/aws-sdk-go-v2/service/gamelift v1.55.4 h1:PVQ+m8KZCB7vUOLURZCzkOilol7YOGn01nF/o1HEEXc=
github.com/aws/aws-sdk-go-v2/service/gamelift v1.55.4/go.mod h1:VrmGzIOVgWHiRfeUAt8HeGtMHpJ/Gg2m8ueXOlIdHDk=
github.com/aws/aws-sdk-go-v2/service/globalaccelerator v1.36.6 h1:CjuWi6x3Yp6pqg089jRykOB3LVRryJjs3lcLxO+pGts=
github.com/aws/aws-sdk-go-v2/service/globalaccelerator v1.36.6/go.mod h1:GVsODZZBlH3zHsdPaPzFVj0ibxT4GSLKAvNb+j1yOXg=
github.com/aws/aws-sdk-go-v2/service/glue v1.144.0 h1:hV8y9gQUM3BKvmqrHFAdMd3Vh54nwhmt5NHXiwWO2co=
github.com/aws/aws-sdk-go-v2/service/glue v1.144.0/go.mod h1:cPV3sb+zsvCS8gCgOubuCIN2uWMeFrwgJTr8C1sDspg=
github.com/aws/aws-sdk-go-v2/service/greengrass v1.33.4 h1:Ch1Rai6yU8T5O0A/228x11I6DJmh68gC8feFcSe1Sc8=
github.com/aws/aws-sdk-go-v2/service/greengrass v1.33.4/go.mod h1:UVCDK24T0odHGLXoqTAIAdJBrTSnozG/M2usBshaVwA=
github.com/aws/aws-sdk-go-v2/service/guardduty v1.79.3 h1:AGUhgPCJKoXbNbk93EtLt6nzu7WoaFyln1g753W9E6g=
github.com/aws/aws-sdk-go-v2/service/guardduty v1.79.3/go.mod h1:OOwqiU2hPl8v3FomNDgNPj3RCCsTfrsjzgWmuqHidhw=
github.com/aws/aws-sdk-go-v2/service/health v1.38.5 h1:FpWpn6KsaRwOY9PSSdr/m9k0nqYlgqY/JCruhVR44Tk=
github.com/aws/aws-sdk-go-v2/service/health v1.38.5/go.mod h1:H3gkWmdxbfyw+ucTCVTA+GQYEKf52YN6vtTqWeZpy5c=
github.com/aws/aws-sdk-go-v2/service/iam v1.54.5 h1:a/gAOhIOi+vHYeRU224WIXlJrLXs4Z1Qbm92vfX64jc=
github.com/aws/aws-sdk-go-v2/service/iam v1.54.5/go.mod h1:tMNzI+fYFCk4cIdZ7FEybLzShwnmWkfxQw85ED1b4ng=
github.com/aws/aws-sdk-go-v2/service/inspector v1.31.4 h1:xLR+KhW+0bsf1aZuC/KX4IZxO3vgpfOqVw6a6T9WeH0=
github.com/aws/aws-sdk-go-v2/service/inspector v1.31.4/go.mod h1:+J4EjupXTnPQCGpqv2SFASDvjGnxi3YyXH6RHiQXjLg=
github.com/aws/aws-sdk-go-v2/service/internal/accept-encoding v1.13.12 h1:ZD2+BSw9vFsNlKYIasSNt3uDbjqqXIBcM13UJv/Lx2k=
github.com/aws/aws-sdk-go-v2/service/internal/accept-encoding v1.13.12/go.mod h1:Ms4zlcVBbXbiP7EVLhl+lgjvA/a7YphqQ3Ih3174EmI=
github.com/aws/aws-sdk-go-v2/service/internal/checksum v1.9.22 h1:V51LGlOq/1VsDsHUdoklAQi7rMmx4qQubvFYAlP2254=
github.com/aws/aws-sdk-go-v2/service/internal/checksum v1.9.22/go.mod h1:4Pzhyz8hJOm2bepgl+NjvRx8vlUFAIIvJnZ/MkcNPpU=
github.com/aws/aws-sdk-go-v2/service/internal/endpoint-discovery v1.12.6 h1:Bs2OwYq0HBgHYwfGmUwYIPtTNaGMGAHkRje4jmW2VoI=
github.com/aws/aws-sdk-go-v2/service/internal/endpoint-discovery v1.12.6/go.mod h1:OTctu4cW8t7/TRlTKPLT6akzyOkfceMWhtEHqtYDIQQ=
github.com/aws/aws-sdk-go-v2/service/internal/presigned-url v1.13.29 h1:DRebniUGZ2MqiiIVmQJ04vIXr918hubdHMnarSLEWyU=
github.com/aws/aws-sdk-go-v2/service/internal/presigned-url v1.13.29/go.mod h1:LfRkPCD8YHDM2E5eTkos2UpwYeZnBcVarTa8L59bJHA=
github.com/aws/aws-sdk-go-v2/service/internal/s3shared v1.19.29 h1:hiME6pBzC7OTl9LMtlyTWBuEl1f4QBcUmFDKC7MLXtc=
github.com/aws/aws-sdk-go-v2/service/internal/s3shared v1.19.29/go.mod h1:G7RP+uhagpKtKhd1BM9N6JQqjCcGEU47K5lBVZQyRQw=
github.com/aws/aws-sdk-go-v2/service/iot v1.75.4 h1:2N2OuBTrqPP7l72vDOb1eohSicREa0oRcG5h6g4Gvik=
github.com/aws/aws-sdk-go-v2/service/iot v1.75.4/go.mod h1:LG1/n+K6upjPMVrrxTXYIwDj8OffwwIYwtAJ6/x/hjY=
github.com/aws/aws-sdk-go-v2/service/iotanalytics v1.32.0 h1:QHeG0bWIqSZ/Utkd7BoDjpcmR5NnBQhErZl9JNlG+Xs=
github.com/aws/aws-sdk-go-v2/service/iotanalytics v1.32.0/go.mod h1:uqgp8z4czp3R86cSNls22vvFFjCkfHT2eR6EOZ+QgVU=
github.com/aws/aws-sdk-go-v2/service/kafka v1.52.6 h1:1Cn7pNj5Knye9dx2KFY0UmSdXM+DZdzQaeBx72QHgSQ=
github.com/aws/aws-sdk-go-v2/service/kafka v1.52.6/go.mod h1:5SCWP3gW59x0gRYHuwzXoj/ZuxEoa+j9/OeynrJd/sk=
github.com/aws/aws-sdk-go-v2/service/kinesis v1.44.2 h1:LQcm6uSXMemcKEPeY22fVxkvzM3N4/fIevKMKJkPnNU=
github.com/aws/aws-sdk-go-v2/service/kinesis v1.44.2/go.mod h1:XMTQUQroGEYrkxh3Ns1g6P5TTka2oY0KzlNkxAW865c=
github.com/aws/aws-sdk-go-v2/service/kinesisanalytics v1.31.4 h1:nWZJcRO4jldC/5E0LeWj1o0c+sHC5e1OOWME/1F8MJ0=
github.com/aws/aws-sdk-go-v2/service/kinesisanalytics v1.31.4/go.mod h1:EbH4NI7O+HtKa100xznbdqvw3Q0s24fCM6XNkRKvRFE=
github.com/aws/aws-sdk-go-v2/service/kinesisvideo v1.34.5 h1:051Hp5nXQiEQGDPnnlXuFJhY4ASe/C7YumFQ3JrJkGI=
github.com/aws/aws-sdk-go-v2/service/kinesisvideo v1.34.5/go.mod h1:4YOOgWItKo79XfbPa4qFPoRw7NYyNRqMI+dNwyMUGdA=
github.com/aws/aws-sdk-go-v2/service/kms v1.53.4 h1:PEgVSsWtR8NNxsDxFL2Ywisi7R+1EFQARGsT4q3mWwI=
github.com/aws/aws-sdk-go-v2/service/kms v1.53.4/go.mod h1:3EeKyDGPGSCEphG2OolwNGNF45RvQIfm27AYYpfEWrw=
github.com/aws/aws-sdk-go-v2/service/lambda v1.92.3 h1:vsC2dL5+XY3sPECnWIfOXQzAXFoclFYi4Txv4M+A/gw=
github.com/aws/aws-sdk-go-v2/service/lambda v1.92.3/go.mod h1:3bF6WydfupDwCv8Q3g/Flt89341w/+NObn+KdQmLA60=
github.com/aws/aws-sdk-go-v2/service/lightsail v1.56.1 h1:bbOZEcMgnUQocfDoaaU2f148Te/MpUk6FkOGtJyfwlg=
github.com/aws/aws-sdk-go-v2/service/lightsail v1.56.1/go.mod h1:428ttHou5n2J4/oQAQS9EmOU6LrBv48F2bGk+Ta7EF4=
github.com/aws/aws-sdk-go-v2/service/machinelearning v1.35.4 h1:GZiYo5AqWZYI4j4fv+mUwFgW5T2JggTjBO/Lb3jgFXo=
github.com/aws/aws-sdk-go-v2/service/machinelearning v1.35.4/go.mod h1:qMoca0MT1ZjZLjpSD+a84Q1ERzl/sBntHL97wy+bPr0=
github.com/aws/aws-sdk-go-v2/service/macie v1.19.2 h1:RW9JYS4dYE0vRVo9UX7S6vImu35JzMxzuKNv8mSsOec=
github.com/aws/aws-sdk-go-v2/service/macie v1.19.2/go.mod h1:UzjH4DI9bajT9ZwCPn9wBj+DD1CvIVJv0IYCc9YbDZo=
github.com/aws/aws-sdk-go-v2/service/mediaconnect v1.50.1 h1:Y8NDgEChSS8RCvk2SvTPurCskFsW8J3CXd8Ay7HUdko=
github.com/aws/aws-sdk-go-v2/service/mediaconnect v1.50.1/go.mod h1:TKyCYZgoMsvRP0/wlwcJeumG4lAOEjtHtB8nUZMRzQI=
github.com/aws/aws-sdk-go-v2/service/mediaconvert v1.93.1 h1:Vr/Y7db3L2mqFeIgblSrEznejWhDUeGEDSio28/GlRU=
github.com/aws/aws-sdk-go-v2/service/mediaconvert v1.93.1/go.mod h1:X3r5ZRNtxMrvvoE2nJSN+Je09vM15PJxj1AQ27zcNI4=
github.com/aws/aws-sdk-go-v2/service/medialive v1.99.0 h1:2fVga6XaaUDMrzHg9ZFeJK82jtNucSL2BzJtMx/bQLI=
github.com/aws/aws-sdk-go-v2/service/medialive v1.99.0/go.mod h1:tAvho22oPc1iyRtv81Ap2djAwXRATcY+7KOprwq9cK0=
github.com/aws/aws-sdk-go-v2/service/mediapackage v1.40.1 h1:pEvYi/gNmQMXReGmTmzCAohzswNHknt+qdCrBNWH9iA=
github.com/aws/aws-sdk-go-v2/service/mediapackage v1.40.1/go.mod h1:W5QDIr4iH03a7moqXx8ZT+a+Yj1uHBFyxZLZPuOqj7g=
github.com/aws/aws-sdk-go-v2/service/mediastore v1.30.3 h1:gvXyxGyRjw3/afOxh9adLVgawBjdA1y7yBLi7G+68Xs=
github.com/aws/aws-sdk-go-v2/service/mediastore v1.30.3/go.mod h1:P87Sq7/dFQ3vfC1Xh8PfM9HA+gGu9ge7C82AhYG3dG8=
github.com/aws/aws-sdk-go-v2/service/mediatailor v1.59.6 h1:Idnu+WzpWNcIp5wmH7+YZ+dR89BYVfRukWga7zwEtPo=
github.com/aws/aws-sdk-go-v2/service/mediatailor v1.59.6/go.mod h1:Tz9Djy4yyK2sbOKC2w1en4Nc+QFiZF6dCw4vJ0hiETE=
github.com/aws/aws-sdk-go-v2/service/mobile v1.21.3 h1:PJ9+RyeIdMaCVC6pcygCv1LIzijwP5Zox2QP/Iy86tk=
github.com/aws/aws-sdk-go-v2/service/mobile v1.21.3/go.mod h1:Ue2fkPuJ2H6OCgUEmje3gRh+paOEj0G2L0GrrivYEYQ=
github.com/aws/aws-sdk-go-v2/service/mq v1.35.2 h1:ST3YhXk7KELyTZXtE2sTaSSXPfZaL10O4CaOyd4AeGM=
github.com/aws/aws-sdk-go-v2/service/mq v1.35.2/go.mod h1:C1T2pwFGskUcoWFnbaCg/ahmUhQCo2Wcj+bvAL2sldg=
github.com/aws/aws-sdk-go-v2/service/opsworks v1.31.0 h1:wTMEW5MX0+KDR2twK2UkdZ2AHItnab8/XFrM6bHYvtY=
github.com/aws/aws-sdk-go-v2/service/opsworks v1.31.0/go.mod h1:pGgL2+mF6Gtjq9diAn/tVmvRqfFI+2/oyz3dENRCPXw=
github.com/aws/aws-sdk-go-v2/service/organizations v1.51.10 h1:k/1HG7/z3Ujtcq5+JDSSjp5GG8PzoPuY08Objd2oryI=
github.com/aws/aws-sdk-go-v2/service/organizations v1.51.10/go.mod h1:PRk/TRj/93nQOVYKHCuBNCOBBLaH4lKhaKW5EB/ZR50=
github.com/aws/aws-sdk-go-v2/service/pinpoint v1.40.3 h1:2BT/nzu5AcggYeMQhABeSb5SdnX1oCzYQ2HN19OCSEQ=
github.com/aws/aws-sdk-go-v2/service/pinpoint v1.40.3/go.mod h1:ipPWuhNIoPCWUGZxkv8wuF2Lo2c+AdAquuxBHjcHNeU=
github.com/aws/aws-sdk-go-v2/service/polly v1.58.3 h1:xC8r0dyFf0u4gB7y2JeI3MlvjjETFtn1PsfLSbstfsw=
github.com/aws/aws-sdk-go-v2/service/polly v1.58.3/go.mod h1:DxnWRtJpoYFatUzw1tbrO1SjVlFdufnWA+0FThqmcSU=
github.com/aws/aws-sdk-go-v2/service/pricing v1.42.7 h1:1kgjCE5D1kxDD1ouqYda7590UEjJ6AQiEbzTVxtHk/k=
github.com/aws/aws-sdk-go-v2/service/pricing v1.42.7/go.mod h1:R/LmxYGRy1KePN3vIeIK5rsHcmSLPCTcI7Kjhardqog=
github.com/aws/aws-sdk-go-v2/service/ram v1.37.3 h1:asPUlaexJMaBQs1ve14UjWLSw+Y3T5o9WAqBEoZji+w=
github.com/aws/aws-sdk-go-v2/service/ram v1.37.3/go.mod h1:QoMRYQzsk/3utnGKsXWkW59cAGlZn/KiMzVon6D0AyU=
github.com/aws/aws-sdk-go-v2/service/rds v1.119.3 h1:SIGdk+wA+xGXgN+L7Jr3Ot83Mjh3jpjyJIwZd3DqAnU=
github.com/aws/aws-sdk-go-v2/service/rds v1.119.3/go.mod h1:zCRPUdp05FEZG3OO7LmJq9xkSDjMEhkiVrZV0oJs2a0=
github.com/aws/aws-sdk-go-v2/service/redshift v1.63.3 h1:g8NdnGa2MfVcLV5zMmAfm8qMmXHdaY+dJ1EL491YLmE=
github.com/aws/aws-sdk-go-v2/service/redshift v1.63.3/go.mod h1:/J3w2Q34Bo7iPfti+eu9Y8OGjgn0/1j7BbwQItUQxW0=
github.com/aws/aws-sdk-go-v2/service/rekognition v1.52.3 h1:SV1cXOW9qnXotyFJW8kw4qjZV2KaybIkVz99kKjOWck=
github.com/aws/aws-sdk-go-v2/service/rekognition v1.52.3/go.mod h1:9i14Fo0M0qlOsf1wPvG7DDHRwQH1kamlNkmKoBEJ13w=
github.com/aws/aws-sdk-go-v2/service/robomaker v1.36.2 h1:I/IDDWWAQsUGEj8irR9YFO3CdW7Fvb+UVBgQAXH0o+w=
github.com/aws/aws-sdk-go-v2/service/robomaker v1.36.2/go.mod h1:Vn/B4P5hwWpR/lEXxfloEalYoIvn/gdtdzG4mQmF77w=
github.com/aws/aws-sdk-go-v2/service/route53 v1.63.3 h1:595VT+Zw2/wNZ7Hcf4AgZXZf2/2irBtVMx6m5/NzwGE=
github.com/aws/aws-sdk-go-v2/service/route53 v1.63.3/go.mod h1:JfPmtoq6Zl78Wuf0nIzcwRlFU34xUPIMaX2x3lHRIGI=
github.com/aws/aws-sdk-go-v2/service/route53domains v1.36.3 h1:ecf9EiavXvZ2XrgJMUnzws5dKS5AtS6TyUFdJlF1mDE=
github.com/aws/aws-sdk-go-v2/service/route53domains v1.36.3/go.mod h1:Fiy4Ad2Bv1Ddxrm/k/14ja19YLbxO//9S7pvMcSUxUU=
github.com/aws/aws-sdk-go-v2/service/route53resolver v1.46.0 h1:VRL5qGyPAKfuAb00T7OKcxZ9qKctOl0rC6Mde48y1t0=
github.com/aws/aws-sdk-go-v2/service/route53resolver v1.46.0/go.mod h1:1oAVFtzaMbAf+LfMXHhUW30lKLnBWwwNbeBeUXudjCk=
github.com/aws/aws-sdk-go-v2/service/s3 v1.104.0 h1:ta8csKy5vN91F3i5gGR85lFV0srBqySEji7Jroes6rE=
github.com/aws/aws-sdk-go-v2/service/s3 v1.104.0/go.mod h1:77ZAgynvx1txMvDG8gGWoWkO1augYDxkp9JElWFgjQU=
github.com/aws/aws-sdk-go-v2/service/sagemaker v1.255.0 h1:NwFR5JS75mqvzj0pfNweOuJimhQTYNUL/CJtKAMFIOc=
github.com/aws/aws-sdk-go-v2/service/sagemaker v1.255.0/go.mod h1:AyCRrgn6Qm1nKR2grD+o8iFlKx5c7jF2h72YkkjEaoQ=
github.com/aws/aws-sdk-go-v2/service/secretsmanager v1.42.3 h1:L9gPLf3sFH1/ao3oB2QZcaX1xGYi8hj+WJlsf3/dN+M=
github.com/aws/aws-sdk-go-v2/service/secretsmanager v1.42.3/go.mod h1:9DKRlwDCw2OUDlyCIFcQCroL5M0mQTUU9qW8JEDcXmI=
github.com/aws/aws-sdk-go-v2/service/securityhub v1.71.7 h1:7H0Y7DA+SLT9U0ssRSIPo7+dMY5p6kXMU63ncCx8ayI=
github.com/aws/aws-sdk-go-v2/service/securityhub v1.71.7/go.mod h1:SS/9UFk3PQyMZyKumEF7C8Z//TkUEd1AShPnzUbAKqQ=
github.com/aws/aws-sdk-go-v2/service/servicecatalog v1.40.4 h1:sPN+5sCOI+9atEK/+d4B56qNB4U0QQMIryiFZP/Ys2c=
github.com/aws/aws-sdk-go-v2/service/servicecatalog v1.40.4/go.mod h1:53zak1XHl8EqtLsLhNFnFUtOjtEtS6ZWDvAEYWooMEc=
github.com/aws/aws-sdk-go-v2/service/shield v1.35.3 h1:1mCCxdKOdnXscx+Ibxhk9fnMEYf7g6gN4UTOyElBToo=
github.com/aws/aws-sdk-go-v2/service/shield v1.35.3/go.mod h1:/daGSp8pQnOsjnZR/91UycQ3SqjDGiBG3vEmMEgW8is=
github.com/aws/aws-sdk-go-v2/service/signer v1.33.6 h1:HG/62/MVP3IqaDSgj89Q3IBCNKeuF6aRmz8bzwFmSyk=
github.com/aws/aws-sdk-go-v2/service/signer v1.33.6/go.mod h1:yKRJ8X7rtKfDtkBgnfG2xzHW2m2FrVLZiucgKhHLR2A=
github.com/aws/aws-sdk-go-v2/service/signin v1.2.0 h1:3nXpRcFwRCW8n7HgO2QGy0Dc20eQNfBuUemGQhpF8m8=
github.com/aws/aws-sdk-go-v2/service/signin v1.2.0/go.mod h1:LxYujSTLPRlp2vTtcUO/+1ilrew8ytt6SvQyOgejzFQ=
github.com/aws/aws-sdk-go-v2/service/sms v1.29.0 h1:j1ulQuA2JvHkBMdl8Ld9vtbdN5QJxWLkoll8erLYPAk=
github.com/aws/aws-sdk-go-v2/service/sms v1.29.0/go.mod h1:NCQTQ1R9TrLRSFn9U/tPaLN6/aBy6WAWCDu0gxDPJyE=
github.com/aws/aws-sdk-go-v2/service/snowball v1.37.3 h1:XryXLiYUF60C6PeEsZRz+A6+GOdi9YjsEqP5H9CrkTk=
github.com/aws/aws-sdk-go-v2/service/snowball v1.37.3/go.mod h1:QpJSPhFFzGNCF1iLiBseu4VHPPdIBtEa5Oz3iAzqtD4=
github.com/aws/aws-sdk-go-v2/service/sns v1.40.1 h1:DLrOlgom0+OYnNaSiVxAXtR6obPjVlbmD+7w5wim9sc=
github.com/aws/aws-sdk-go-v2/service/sns v1.40.1/go.mod h1:V9szvM64GdG5VJUeDRstvLmt/ozgWiSNg3gYnp3mSkk=
github.com/aws/aws-sdk-go-v2/service/sqs v1.44.0 h1:6DQ95Zq5xPUSYm6KWcrar7zvreqAMFmyynYCcmzv6yc=
github.com/aws/aws-sdk-go-v2/service/sqs v1.44.0/go.mod h1:d7eKytKiwDFJeNAP4VWo47VCiNM9z539tkoCGJ6PjXw=
github.com/aws/aws-sdk-go-v2/service/ssm v1.69.3 h1:58LjP8cp8UEHA1LG/JZ4fG9SobHE82kLYe46mogbSI4=
github.com/aws/aws-sdk-go-v2/service/ssm v1.69.3/go.mod h1:16Zd02ocSJp68o4r36MQ4Rikf/Ulv4On5qjMpJJf5Mo=
github.com/aws/aws-sdk-go-v2/service/sso v1.31.3 h1:ey1XLTYXb9PcLt4535632o5kCGXNXEhNb620Dqwuylo=
github.com/aws/aws-sdk-go-v2/service/sso v1.31.3/go.mod h1:Lk7PlmoTYryQmyBG0EXqj5BcUbj3whXdU2s3yGI3EAc=
github.com/aws/aws-sdk-go-v2/service/ssooidc v1.36.6 h1:yLr03zQE/5Eu5l3QU0Si+xMbLMbSDF2YXsigqXngs6g=
github.com/aws/aws-sdk-go-v2/service/ssooidc v1.36.6/go.mod h1:Q5N6icH+KJZDLh+ESNwzdv6cZ6vLFF/egy3IOxWhmz4=
github.com/aws/aws-sdk-go-v2/service/storagegateway v1.44.3 h1:kRynu/9A5KU7cQwaK0+461avjyLRNijS7RKA1oRjqFI=
github.com/aws/aws-sdk-go-v2/service/storagegateway v1.44.3/go.mod h1:N+vEdNSV9fa48/Zt3949j9bWqfaPwhzBk+QV1Xt+3zw=
github.com/aws/aws-sdk-go-v2/service/sts v1.43.3 h1:VrIhKRCSK1umelSgB9RghvA9RTUYeQffyAS5ApXehNI=
github.com/aws/aws-sdk-go-v2/service/sts v1.43.3/go.mod h1:r8wkDOuLaaMFqFiYAb8dGY2A3gJCOujMc6CFOVC4Zhc=
github.com/aws/aws-sdk-go-v2/service/support v1.32.0 h1:auXwh2+1Z+3g9VYFMl65xZhHnpp2NKjJlAlX4SK5PPQ=
github.com/aws/aws-sdk-go-v2/service/support v1.32.0/go.mod h1:MfCYslOGU4NlzeUmc78rks4bMX/xlDZM5sJXdxwh4NE=
github.com/aws/aws-sdk-go-v2/service/transcribe v1.56.3 h1:9vYn/F0ESeQ0ap145xw/w7a/O5KQ7kVo6Kr8e9wszJ4=
github.com/aws/aws-sdk-go-v2/service/transcribe v1.56.3/go.mod h1:q9XqMZYCidSMyZU9JI74vNVWx2KWwnjEO7BBUf59Seg=
github.com/aws/aws-sdk-go-v2/service/transfer v1.73.3 h1:cNVlVHbweLv8GK1NQFd5CpmZqwg14gL+LXMYv4RytAY=
github.com/aws/aws-sdk-go-v2/service/transfer v1.73.3/go.mod h1:63aw6tjtHyLuKFPA2LEMrqkIS9DT7WCbCY2VkJRQesQ=
github.com/aws/aws-sdk-go-v2/service/translate v1.34.6 h1:Jf5aXVNdBLuTs2Sl4WdHAcE4Ja50S7zlFSMZrbA2KCs=
github.com/aws/aws-sdk-go-v2/service/translate v1.34.6/go.mod h1:JouPQI19znk+q+Xy98fjKxEg5fWrOSX45UlxGXpz+/o=
github.com/aws/aws-sdk-go-v2/service/waf v1.31.5 h1:k5RchKmxnKzSOzxNCxKk32Pn0eS7tnb51XHoiR6+V8E=
github.com/aws/aws-sdk-go-v2/service/waf v1.31.5/go.mod h1:thiMdrHsNL1+Wn2OzZlMj4bwEtjEgCZIjTcxVJYFxCo=
github.com/aws/aws-sdk-go-v2/service/workdocs v1.31.3 h1:kVwiFcamKRgJhpRj6z46XZSIFv9ZrkFqVaqnmqKBLVI=
github.com/aws/aws-sdk-go-v2/service/workdocs v1.31.3/go.mod h1:kc+m20WfPm6A8j4FoJPWUyEf9guivQ+6C1jo/AYcNZY=
github.com/aws/aws-sdk-go-v2/service/worklink v1.23.2 h1:VN3Qydtdl3UlJRHVxQxSP1d8I5gtvT5zdaCCAfZST7Y=
github.com/aws/aws-sdk-go-v2/service/worklink v1.23.2/go.mod h1:Z3RLpIq4q49syd921XdsKeD584kPu89iKTEjluh7908=
github.com/aws/aws-sdk-go-v2/service/workmail v1.37.6 h1:DJ18ctJLvQ9Bqg4htovoh+eotILdBftSoTX90PLplqM=
github.com/aws/aws-sdk-go-v2/service/workmail v1.37.6/go.mod h1:K9GAXhTnjGEeEhhkpmBQ03msld5Eus4H9G/teuzamBA=
github.com/aws/aws-sdk-go-v2/service/workspaces v1.70.0 h1:PexG45dRXQUtrPR3TadTQI7PXJAQlWdH0vXnlcxXUEQ=
github.com/aws/aws-sdk-go-v2/service/workspaces v1.70.0/go.mod h1:ZCWxu9XrxzV0y+Q0ymM5B0GcfNVQHHa5pW+OGGF0MqU=
github.com/aws/aws-sdk-go-v2/service/xray v1.37.3 h1:ozG9CuAEB1zS7hBI7BYWYvr798LD7G+Tiw1ccS5sAms=
github.com/aws/aws-sdk-go-v2/service/xray v1.37.3/go.mod h1:8bpZogGTIFDJBAXh9Le/rVo6rCcxOMMtZh8fG8lR6Po=
github.com/aws/smithy-go v1.27.1 h1:4T340VFndXtADGF52gYa1POyL7s9E4Z1OeZ1hCscIw8=
github.com/aws/smithy-go v1.27.1/go.mod h1:YE2RhdIuDbA5E5bTdciG9KrW3+TiEONeUWCqxX9i1Fc=
github.com/fatih/color v1.10.0 h1:s36xzo75JdqLaaWoiEHk767eHiwo0598uUxyfiPkDsg=
github.com/fatih/color v1.10.0/go.mod h1:ELkj/draVOlAH/xkhN6mQ50Qd0MPOk5AAr3maGEBuJM=
github.com/google/go-cmp v0.5.8 h1:e6P7q2lk1O+qJJb4BtCQXlK8vWEO8V1ZeuEdJNOqZyg=
github.com/google/go-cmp v0.5.8/go.mod h1:17dUlkBOakJ0+DkrSSNjCkIjxS6bF9zb3elmeNGIjoY=
github.com/joho/godotenv v1.3.0 h1:Zjp+RcGpHhGlrMbJzXTrZZPrWj+1vfm90La1wgB6Bhc=
github.com/joho/godotenv v1.3.0/go.mod h1:7hK45KPybAkOC6peb+G5yklZfMxEjkZhHbwpqxOKXbg=
github.com/mattn/go-colorable v0.1.8 h1:c1ghPdyEDarC70ftn0y+A/Ee++9zz8ljHG1b13eJ0s8=
github.com/mattn/go-colorable v0.1.8/go.mod h1:u6P/XSegPjTcexA+o6vUJrdnUu04hMope9wVRipJSqc=
github.com/mattn/go-isatty v0.0.12 h1:wuysRhFDzyxgEmMf5xjvJ2M9dZoWAXNNr5LSBS7uHXY=
github.com/mattn/go-isatty v0.0.12/go.mod h1:cbi8OIDigv2wuxKPP5vlRcQ1OAZbq2CE4Kysco4FUpU=
github.com/wayneashleyberry/terminal-dimensions v1.0.0 h1:LawtS1nqKjAfqrmKOzkcrDLAjSzh38lEhC401JPjQVA=
github.com/wayneashleyberry/terminal-dimensions v1.0.0/go.mod h1:PW2XrtV6KmKOPhuf7wbtcmw1/IFnC39mryRET2XbxeE=
golang.org/x/sys v0.0.0-20200116001909-b77594299b42/go.mod h1:h1NjWce9XRLGQEsW7wpKNCjG9DtNlClVuFLEZdDNbEs=
golang.org/x/sys v0.0.0-20200223170610-d5e6a3e2c0ae h1:/WDfKMnPU+m5M4xB+6x4kaepxRw6jWvR5iDRdvjHgy8=
golang.org/x/sys v0.0.0-20200223170610-d5e6a3e2c0ae/go.mod h1:h1NjWce9XRLGQEsW7wpKNCjG9DtNlClVuFLEZdDNbEs=
